
Microsoft Visual Studio Solution File, Format Version 12.00
# Visual Studio 14
VisualStudioVersion = 14.0.23107.0
MinimumVisualStudioVersion = 10.0.40219.1
Project("{FAE04EC0-301F-11D3-BF4B-00C04F79EFBC}") = "NABDemo", "NABDemo\NABDemo.csproj", "{1B4609E8-F934-4F32-AF14-4647277039B5}"
EndProject
Project("{FAE04EC0-301F-11D3-BF4B-00C04F79EFBC}") = "Rules", "Rules\Rules.csproj", "{49309AA7-19AD-4182-BC75-645F4583DA64}"
EndProject
Project("{FAE04EC0-301F-11D3-BF4B-00C04F79EFBC}") = "Presenter", "Presenter\Presenter.csproj", "{E39DA9F0-A5DD-4E4E-9E29-EBD60AFAACEC}"
EndProject
Project("{FAE04EC0-301F-11D3-BF4B-00C04F79EFBC}") = "View", "View\View.csproj", "{CADC2E7B-72DA-4CFC-999C-18DD0775E74F}"
EndProject
Project("{FAE04EC0-301F-11D3-BF4B-00C04F79EFBC}") = "Model", "Model\Model.csproj", "{E1792FCF-1C30-4246-AA46-273AD833A852}"
EndProject
Project("{FAE04EC0-301F-11D3-BF4B-00C04F79EFBC}") = "Service", "Service\Service.csproj", "{EAA3CF8B-887E-4F75-A4D4-870753CC9D78}"
EndProject
Project("{FAE04EC0-301F-11D3-BF4B-00C04F79EFBC}") = "Rules.Test", "Rules.Tests\Rules.Test.csproj", "{18E897DF-DAD1-46DB-BF80-2FEE24785757}"
EndProject
Global
	GlobalSection(SolutionConfigurationPlatforms) = preSolution
		Debug|Any CPU = Debug|Any CPU
		Release|Any CPU = Release|Any CPU
	EndGlobalSection
	GlobalSection(ProjectConfigurationPlatforms) = postSolution
		{1B4609E8-F934-4F32-AF14-4647277039B5}.Debug|Any CPU.ActiveCfg = Debug|Any CPU
		{1B4609E8-F934-4F32-AF14-4647277039B5}.Debug|Any CPU.Build.0 = Debug|Any CPU
		{1B4609E8-F934-4F32-AF14-4647277039B5}.Release|Any CPU.ActiveCfg = Release|Any CPU
		{1B4609E8-F934-4F32-AF14-4647277039B5}.Release|Any CPU.Build.0 = Release|Any CPU
		{49309AA7-19AD-4182-BC75-645F4583DA64}.Debug|Any CPU.ActiveCfg = Debug|Any CPU
		{49309AA7-19AD-4182-BC75-645F4583DA64}.Debug|Any CPU.Build.0 = Debug|Any CPU
		{49309AA7-19AD-4182-BC75-645F4583DA64}.Release|Any CPU.ActiveCfg = Release|Any CPU
		{49309AA7-19AD-4182-BC75-645F4583DA64}.Release|Any CPU.Build.0 = Release|Any CPU
		{E39DA9F0-A5DD-4E4E-9E29-EBD60AFAACEC}.Debug|Any CPU.ActiveCfg = Debug|Any CPU
		{E39DA9F0-A5DD-4E4E-9E29-EBD60AFAACEC}.Debug|Any CPU.Build.0 = Debug|Any CPU
		{E39DA9F0-A5DD-4E4E-9E29-EBD60AFAACEC}.Release|Any CPU.ActiveCfg = Release|Any CPU
		{E39DA9F0-A5DD-4E4E-9E29-EBD60AFAACEC}.Release|Any CPU.Build.0 = Release|Any CPU
		{CADC2E7B-72DA-4CFC-999C-18DD0775E74F}.Debug|Any CPU.ActiveCfg = Debug|Any CPU
		{CADC2E7B-72DA-4CFC-999C-18DD0775E74F}.Debug|Any CPU.Build.0 = Debug|Any CPU
		{CADC2E7B-72DA-4CFC-999C-18DD0775E74F}.Release|Any CPU.ActiveCfg = Release|Any CPU
		{CADC2E7B-72DA-4CFC-999C-18DD0775E74F}.Release|Any CPU.Build.0 = Release|Any CPU
		{E1792FCF-1C30-4246-AA46-273AD833A852}.Debug|Any CPU.ActiveCfg = Debug|Any CPU
		{E1792FCF-1C30-4246-AA46-273AD833A852}.Debug|Any CPU.Build.0 = Debug|Any CPU
		{E1792FCF-1C30-4246-AA46-273AD833A852}.Release|Any CPU.ActiveCfg = Release|Any CPU
		{E1792FCF-1C30-4246-AA46-273AD833A852}.Release|Any CPU.Build.0 = Release|Any CPU
		{EAA3CF8B-887E-4F75-A4D4-870753CC9D78}.Debug|Any CPU.ActiveCfg = Debug|Any CPU
		{EAA3CF8B-887E-4F75-A4D4-870753CC9D78}.Debug|Any CPU.Build.0 = Debug|Any CPU
		{EAA3CF8B-887E-4F75-A4D4-870753CC9D78}.Release|Any CPU.ActiveCfg = Release|Any CPU
		{EAA3CF8B-887E-4F75-A4D4-870753CC9D78}.Release|Any CPU.Build.0 = Release|Any CPU
		{18E897DF-DAD1-46DB-BF80-2FEE24785757}.Debug|Any CPU.ActiveCfg = Debug|Any CPU
		{18E897DF-DAD1-46DB-BF80-2FEE24785757}.Debug|Any CPU.Build.0 = Debug|Any CPU
		{18E897DF-DAD1-46DB-BF80-2FEE24785757}.Release|Any CPU.ActiveCfg = Release|Any CPU
		{18E897DF-DAD1-46DB-BF80-2FEE24785757}.Release|Any CPU.Build.0 = Release|Any CPU
	EndGlobalSection
	GlobalSection(SolutionProperties) = preSolution
		HideSolutionNode = FALSE
	EndGlobalSection
EndGlobal
